
Microsoft Visual Studio Solution File, Format Version 12.00
# Visual Studio 14
VisualStudioVersion = 14.0.25420.1
MinimumVisualStudioVersion = 10.0.40219.1
Project("{FAE04EC0-301F-11D3-BF4B-00C04F79EFBC}") = "OctoberNet", "OctoberNet\OctoberNet.csproj", "{9C4774BB-2A9B-40B0-AF65-E071E02F1535}"
EndProject
Project("{FAE04EC0-301F-11D3-BF4B-00C04F79EFBC}") = "OctoberNet.Test", "..\OctoberNet.Test\OctoberNet.Test.csproj", "{C968CCB9-FEBD-4BCA-92DF-8787C63F8545}"
EndProject
Project("{2150E333-8FDC-42A3-9474-1A3956D46DE8}") = "Solution Items", "Solution Items", "{B3E1B40F-4355-4079-8A53-D3A375D8B13E}"
	ProjectSection(SolutionItems) = preProject
		..\..\.travis.yml = ..\..\.travis.yml
	EndProjectSection
EndProject
Global
	GlobalSection(SolutionConfigurationPlatforms) = preSolution
		Debug|Any CPU = Debug|Any CPU
		Release|Any CPU = Release|Any CPU
	EndGlobalSection
	GlobalSection(ProjectConfigurationPlatforms) = postSolution
		{9C4774BB-2A9B-40B0-AF65-E071E02F1535}.Debug|Any CPU.ActiveCfg = Debug|Any CPU
		{9C4774BB-2A9B-40B0-AF65-E071E02F1535}.Debug|Any CPU.Build.0 = Debug|Any CPU
		{9C4774BB-2A9B-40B0-AF65-E071E02F1535}.Release|Any CPU.ActiveCfg = Release|Any CPU
		{9C4774BB-2A9B-40B0-AF65-E071E02F1535}.Release|Any CPU.Build.0 = Release|Any CPU
		{C968CCB9-FEBD-4BCA-92DF-8787C63F8545}.Debug|Any CPU.ActiveCfg = Debug|Any CPU
		{C968CCB9-FEBD-4BCA-92DF-8787C63F8545}.Debug|Any CPU.Build.0 = Debug|Any CPU
		{C968CCB9-FEBD-4BCA-92DF-8787C63F8545}.Release|Any CPU.ActiveCfg = Release|Any CPU
		{C968CCB9-FEBD-4BCA-92DF-8787C63F8545}.Release|Any CPU.Build.0 = Release|Any CPU
	EndGlobalSection
	GlobalSection(SolutionProperties) = preSolution
		HideSolutionNode = FALSE
	EndGlobalSection
EndGlobal
